// !$*UTF8*$!
{
	archiveVersion = 1;
	classes = {
	};
	objectVersion = 50;
	objects = {

/* Begin PBXBuildFile section */
		099B533AC4A03A7195CD1B7A /* Pods_RestaurantApp.framework in Frameworks */ = {isa = PBXBuildFile; fileRef = E20EEDD58303A1B2224547E5 /* Pods_RestaurantApp.framework */; };
		6F87384D2350C50B006E3934 /* AppDelegate.swift in Sources */ = {isa = PBXBuildFile; fileRef = 6F87384C2350C50B006E3934 /* AppDelegate.swift */; };
		6F87384F2350C50B006E3934 /* SceneDelegate.swift in Sources */ = {isa = PBXBuildFile; fileRef = 6F87384E2350C50B006E3934 /* SceneDelegate.swift */; };
		6F8738562350C50C006E3934 /* Assets.xcassets in Resources */ = {isa = PBXBuildFile; fileRef = 6F8738552350C50C006E3934 /* Assets.xcassets */; };
		6F8738592350C50C006E3934 /* LaunchScreen.storyboard in Resources */ = {isa = PBXBuildFile; fileRef = 6F8738572350C50C006E3934 /* LaunchScreen.storyboard */; };
		6F8738842350C527006E3934 /* DataController.swift in Sources */ = {isa = PBXBuildFile; fileRef = 6F8738612350C526006E3934 /* DataController.swift */; };
		6F8738852350C527006E3934 /* DataAdapter.swift in Sources */ = {isa = PBXBuildFile; fileRef = 6F8738622350C526006E3934 /* DataAdapter.swift */; };
		6F8738862350C527006E3934 /* GenericCell.swift in Sources */ = {isa = PBXBuildFile; fileRef = 6F8738642350C527006E3934 /* GenericCell.swift */; };
		6F8738872350C527006E3934 /* EndPoint.swift in Sources */ = {isa = PBXBuildFile; fileRef = 6F8738652350C527006E3934 /* EndPoint.swift */; };
		6F8738882350C527006E3934 /* VenueListViewController.swift in Sources */ = {isa = PBXBuildFile; fileRef = 6F8738672350C527006E3934 /* VenueListViewController.swift */; };
		6F87388A2350C527006E3934 /* VenueDetailViewController.swift in Sources */ = {isa = PBXBuildFile; fileRef = 6F8738692350C527006E3934 /* VenueDetailViewController.swift */; };
		6F87388B2350C527006E3934 /* Location.swift in Sources */ = {isa = PBXBuildFile; fileRef = 6F87386B2350C527006E3934 /* Location.swift */; };
		6F87388C2350C527006E3934 /* Categories.swift in Sources */ = {isa = PBXBuildFile; fileRef = 6F87386C2350C527006E3934 /* Categories.swift */; };
		6F87388D2350C527006E3934 /* Meta.swift in Sources */ = {isa = PBXBuildFile; fileRef = 6F87386D2350C527006E3934 /* Meta.swift */; };
		6F87388E2350C527006E3934 /* Response.swift in Sources */ = {isa = PBXBuildFile; fileRef = 6F87386E2350C527006E3934 /* Response.swift */; };
		6F87388F2350C527006E3934 /* BaseModel.swift in Sources */ = {isa = PBXBuildFile; fileRef = 6F87386F2350C527006E3934 /* BaseModel.swift */; };
		6F8738902350C527006E3934 /* Venues.swift in Sources */ = {isa = PBXBuildFile; fileRef = 6F8738702350C527006E3934 /* Venues.swift */; };
		6F8738912350C527006E3934 /* Stats.swift in Sources */ = {isa = PBXBuildFile; fileRef = 6F8738712350C527006E3934 /* Stats.swift */; };
		6F8738922350C527006E3934 /* ViewControllerExtension.swift in Sources */ = {isa = PBXBuildFile; fileRef = 6F8738732350C527006E3934 /* ViewControllerExtension.swift */; };
		6F8738932350C527006E3934 /* FourSquareAPI.swift in Sources */ = {isa = PBXBuildFile; fileRef = 6F8738752350C527006E3934 /* FourSquareAPI.swift */; };
		6F8738942350C527006E3934 /* SearchParameter.swift in Sources */ = {isa = PBXBuildFile; fileRef = 6F8738762350C527006E3934 /* SearchParameter.swift */; };
		6F8738952350C527006E3934 /* NetworkConnector.swift in Sources */ = {isa = PBXBuildFile; fileRef = 6F8738772350C527006E3934 /* NetworkConnector.swift */; };
		6F8738962350C527006E3934 /* HTTPMethod.swift in Sources */ = {isa = PBXBuildFile; fileRef = 6F8738782350C527006E3934 /* HTTPMethod.swift */; };
		6F8738972350C527006E3934 /* Request.swift in Sources */ = {isa = PBXBuildFile; fileRef = 6F8738792350C527006E3934 /* Request.swift */; };
		6F8738982350C527006E3934 /* Main.storyboard in Resources */ = {isa = PBXBuildFile; fileRef = 6F87387B2350C527006E3934 /* Main.storyboard */; };
		6F8738992350C527006E3934 /* VenueListCell.swift in Sources */ = {isa = PBXBuildFile; fileRef = 6F87387E2350C527006E3934 /* VenueListCell.swift */; };
		6F87389A2350C527006E3934 /* VenueDetailViewModel.swift in Sources */ = {isa = PBXBuildFile; fileRef = 6F8738802350C527006E3934 /* VenueDetailViewModel.swift */; };
		6F87389B2350C527006E3934 /* VenueListViewModel.swift in Sources */ = {isa = PBXBuildFile; fileRef = 6F8738812350C527006E3934 /* VenueListViewModel.swift */; };
		6F87389E2350EC22006E3934 /* AnnotationView.swift in Sources */ = {isa = PBXBuildFile; fileRef = 6F87389D2350EC21006E3934 /* AnnotationView.swift */; };
		6F8738A22350F82C006E3934 /* Coordinate.swift in Sources */ = {isa = PBXBuildFile; fileRef = 6F8738A12350F82C006E3934 /* Coordinate.swift */; };
/* End PBXBuildFile section */

/* Begin PBXFileReference section */
		4AB54D0DB4586E67D5DAB79E /* Pods-RestaurantApp.debug.xcconfig */ = {isa = PBXFileReference; includeInIndex = 1; lastKnownFileType = text.xcconfig; name = "Pods-RestaurantApp.debug.xcconfig"; path = "Target Support Files/Pods-RestaurantApp/Pods-RestaurantApp.debug.xcconfig"; sourceTree = "<group>"; };
		6F8738492350C50B006E3934 /* RestaurantApp.app */ = {isa = PBXFileReference; explicitFileType = wrapper.application; includeInIndex = 0; path = RestaurantApp.app; sourceTree = BUILT_PRODUCTS_DIR; };
		6F87384C2350C50B006E3934 /* AppDelegate.swift */ = {isa = PBXFileReference; lastKnownFileType = sourcecode.swift; path = AppDelegate.swift; sourceTree = "<group>"; };
		6F87384E2350C50B006E3934 /* SceneDelegate.swift */ = {isa = PBXFileReference; lastKnownFileType = sourcecode.swift; path = SceneDelegate.swift; sourceTree = "<group>"; };
		6F8738552350C50C006E3934 /* Assets.xcassets */ = {isa = PBXFileReference; lastKnownFileType = folder.assetcatalog; path = Assets.xcassets; sourceTree = "<group>"; };
		6F8738582350C50C006E3934 /* Base */ = {isa = PBXFileReference; lastKnownFileType = file.storyboard; name = Base; path = Base.lproj/LaunchScreen.storyboard; sourceTree = "<group>"; };
		6F87385A2350C50C006E3934 /* Info.plist */ = {isa = PBXFileReference; lastKnownFileType = text.plist.xml; path = Info.plist; sourceTree = "<group>"; };
		6F8738612350C526006E3934 /* DataController.swift */ = {isa = PBXFileReference; fileEncoding = 4; lastKnownFileType = sourcecode.swift; path = DataController.swift; sourceTree = "<group>"; };
		6F8738622350C526006E3934 /* DataAdapter.swift */ = {isa = PBXFileReference; fileEncoding = 4; lastKnownFileType = sourcecode.swift; path = DataAdapter.swift; sourceTree = "<group>"; };
		6F8738642350C527006E3934 /* GenericCell.swift */ = {isa = PBXFileReference; fileEncoding = 4; lastKnownFileType = sourcecode.swift; path = GenericCell.swift; sourceTree = "<group>"; };
		6F8738652350C527006E3934 /* EndPoint.swift */ = {isa = PBXFileReference; fileEncoding = 4; lastKnownFileType = sourcecode.swift; path = EndPoint.swift; sourceTree = "<group>"; };
		6F8738672350C527006E3934 /* VenueListViewController.swift */ = {isa = PBXFileReference; fileEncoding = 4; lastKnownFileType = sourcecode.swift; path = VenueListViewController.swift; sourceTree = "<group>"; };
		6F8738692350C527006E3934 /* VenueDetailViewController.swift */ = {isa = PBXFileReference; fileEncoding = 4; lastKnownFileType = sourcecode.swift; path = VenueDetailViewController.swift; sourceTree = "<group>"; };
		6F87386B2350C527006E3934 /* Location.swift */ = {isa = PBXFileReference; fileEncoding = 4; lastKnownFileType = sourcecode.swift; path = Location.swift; sourceTree = "<group>"; };
		6F87386C2350C527006E3934 /* Categories.swift */ = {isa = PBXFileReference; fileEncoding = 4; lastKnownFileType = sourcecode.swift; path = Categories.swift; sourceTree = "<group>"; };
		6F87386D2350C527006E3934 /* Meta.swift */ = {isa = PBXFileReference; fileEncoding = 4; lastKnownFileType = sourcecode.swift; path = Meta.swift; sourceTree = "<group>"; };
		6F87386E2350C527006E3934 /* Response.swift */ = {isa = PBXFileReference; fileEncoding = 4; lastKnownFileType = sourcecode.swift; path = Response.swift; sourceTree = "<group>"; };
		6F87386F2350C527006E3934 /* BaseModel.swift */ = {isa = PBXFileReference; fileEncoding = 4; lastKnownFileType = sourcecode.swift; path = BaseModel.swift; sourceTree = "<group>"; };
		6F8738702350C527006E3934 /* Venues.swift */ = {isa = PBXFileReference; fileEncoding = 4; lastKnownFileType = sourcecode.swift; path = Venues.swift; sourceTree = "<group>"; };
		6F8738712350C527006E3934 /* Stats.swift */ = {isa = PBXFileReference; fileEncoding = 4; lastKnownFileType = sourcecode.swift; path = Stats.swift; sourceTree = "<group>"; };
		6F8738732350C527006E3934 /* ViewControllerExtension.swift */ = {isa = PBXFileReference; fileEncoding = 4; lastKnownFileType = sourcecode.swift; path = ViewControllerExtension.swift; sourceTree = "<group>"; };
		6F8738752350C527006E3934 /* FourSquareAPI.swift */ = {isa = PBXFileReference; fileEncoding = 4; lastKnownFileType = sourcecode.swift; path = FourSquareAPI.swift; sourceTree = "<group>"; };
		6F8738762350C527006E3934 /* SearchParameter.swift */ = {isa = PBXFileReference; fileEncoding = 4; lastKnownFileType = sourcecode.swift; path = SearchParameter.swift; sourceTree = "<group>"; };
		6F8738772350C527006E3934 /* NetworkConnector.swift */ = {isa = PBXFileReference; fileEncoding = 4; lastKnownFileType = sourcecode.swift; path = NetworkConnector.swift; sourceTree = "<group>"; };
		6F8738782350C527006E3934 /* HTTPMethod.swift */ = {isa = PBXFileReference; fileEncoding = 4; lastKnownFileType = sourcecode.swift; path = HTTPMethod.swift; sourceTree = "<group>"; };
		6F8738792350C527006E3934 /* Request.swift */ = {isa = PBXFileReference; fileEncoding = 4; lastKnownFileType = sourcecode.swift; path = Request.swift; sourceTree = "<group>"; };
		6F87387C2350C527006E3934 /* Base */ = {isa = PBXFileReference; lastKnownFileType = file.storyboard; name = Base; path = Base.lproj/Main.storyboard; sourceTree = "<group>"; };
		6F87387E2350C527006E3934 /* VenueListCell.swift */ = {isa = PBXFileReference; fileEncoding = 4; lastKnownFileType = sourcecode.swift; path = VenueListCell.swift; sourceTree = "<group>"; };
		6F8738802350C527006E3934 /* VenueDetailViewModel.swift */ = {isa = PBXFileReference; fileEncoding = 4; lastKnownFileType = sourcecode.swift; path = VenueDetailViewModel.swift; sourceTree = "<group>"; };
		6F8738812350C527006E3934 /* VenueListViewModel.swift */ = {isa = PBXFileReference; fileEncoding = 4; lastKnownFileType = sourcecode.swift; path = VenueListViewModel.swift; sourceTree = "<group>"; };
		6F87389D2350EC21006E3934 /* AnnotationView.swift */ = {isa = PBXFileReference; fileEncoding = 4; lastKnownFileType = sourcecode.swift; path = AnnotationView.swift; sourceTree = "<group>"; };
		6F8738A12350F82C006E3934 /* Coordinate.swift */ = {isa = PBXFileReference; fileEncoding = 4; lastKnownFileType = sourcecode.swift; path = Coordinate.swift; sourceTree = "<group>"; };
		7EF167303B90780A207208D7 /* Pods-RestaurantApp.release.xcconfig */ = {isa = PBXFileReference; includeInIndex = 1; lastKnownFileType = text.xcconfig; name = "Pods-RestaurantApp.release.xcconfig"; path = "Target Support Files/Pods-RestaurantApp/Pods-RestaurantApp.release.xcconfig"; sourceTree = "<group>"; };
		E20EEDD58303A1B2224547E5 /* Pods_RestaurantApp.framework */ = {isa = PBXFileReference; explicitFileType = wrapper.framework; includeInIndex = 0; path = Pods_RestaurantApp.framework; sourceTree = BUILT_PRODUCTS_DIR; };
/* End PBXFileReference section */

/* Begin PBXFrameworksBuildPhase section */
		6F8738462350C50B006E3934 /* Frameworks */ = {
			isa = PBXFrameworksBuildPhase;
			buildActionMask = 2147483647;
			files = (
				099B533AC4A03A7195CD1B7A /* Pods_RestaurantApp.framework in Frameworks */,
			);
			runOnlyForDeploymentPostprocessing = 0;
		};
/* End PBXFrameworksBuildPhase section */

/* Begin PBXGroup section */
		2C8B01DCC31066504494138C /* Pods */ = {
			isa = PBXGroup;
			children = (
				4AB54D0DB4586E67D5DAB79E /* Pods-RestaurantApp.debug.xcconfig */,
				7EF167303B90780A207208D7 /* Pods-RestaurantApp.release.xcconfig */,
			);
			path = Pods;
			sourceTree = "<group>";
		};
		6F8738402350C50B006E3934 = {
			isa = PBXGroup;
			children = (
				6F87384B2350C50B006E3934 /* RestaurantApp */,
				6F87384A2350C50B006E3934 /* Products */,
				2C8B01DCC31066504494138C /* Pods */,
				A995AB509EAADE7B42CCA726 /* Frameworks */,
			);
			sourceTree = "<group>";
		};
		6F87384A2350C50B006E3934 /* Products */ = {
			isa = PBXGroup;
			children = (
				6F8738492350C50B006E3934 /* RestaurantApp.app */,
			);
			name = Products;
			sourceTree = "<group>";
		};
		6F87384B2350C50B006E3934 /* RestaurantApp */ = {
			isa = PBXGroup;
			children = (
				6F8738602350C526006E3934 /* Controller */,
				6F8738722350C527006E3934 /* Extension */,
				6F87386A2350C527006E3934 /* Model */,
				6F8738742350C527006E3934 /* Network */,
				6F8738632350C527006E3934 /* Protocol */,
				6F87387A2350C527006E3934 /* View */,
				6F8738662350C527006E3934 /* ViewController */,
				6F87387F2350C527006E3934 /* ViewModel */,
				6F87384C2350C50B006E3934 /* AppDelegate.swift */,
				6F87384E2350C50B006E3934 /* SceneDelegate.swift */,
				6F8738552350C50C006E3934 /* Assets.xcassets */,
				6F8738572350C50C006E3934 /* LaunchScreen.storyboard */,
				6F87385A2350C50C006E3934 /* Info.plist */,
			);
			path = RestaurantApp;
			sourceTree = "<group>";
		};
		6F8738602350C526006E3934 /* Controller */ = {
			isa = PBXGroup;
			children = (
				6F8738612350C526006E3934 /* DataController.swift */,
				6F8738622350C526006E3934 /* DataAdapter.swift */,
			);
			path = Controller;
			sourceTree = "<group>";
		};
		6F8738632350C527006E3934 /* Protocol */ = {
			isa = PBXGroup;
			children = (
				6F8738642350C527006E3934 /* GenericCell.swift */,
				6F8738652350C527006E3934 /* EndPoint.swift */,
			);
			path = Protocol;
			sourceTree = "<group>";
		};
		6F8738662350C527006E3934 /* ViewController */ = {
			isa = PBXGroup;
			children = (
				6F8738672350C527006E3934 /* VenueListViewController.swift */,
				6F8738692350C527006E3934 /* VenueDetailViewController.swift */,
			);
			path = ViewController;
			sourceTree = "<group>";
		};
		6F87386A2350C527006E3934 /* Model */ = {
			isa = PBXGroup;
			children = (
				6F87386B2350C527006E3934 /* Location.swift */,
				6F87386C2350C527006E3934 /* Categories.swift */,
				6F87386D2350C527006E3934 /* Meta.swift */,
				6F8738A12350F82C006E3934 /* Coordinate.swift */,
				6F87386E2350C527006E3934 /* Response.swift */,
				6F87386F2350C527006E3934 /* BaseModel.swift */,
				6F8738702350C527006E3934 /* Venues.swift */,
				6F8738712350C527006E3934 /* Stats.swift */,
			);
			path = Model;
			sourceTree = "<group>";
		};
		6F8738722350C527006E3934 /* Extension */ = {
			isa = PBXGroup;
			children = (
				6F8738732350C527006E3934 /* ViewControllerExtension.swift */,
			);
			path = Extension;
			sourceTree = "<group>";
		};
		6F8738742350C527006E3934 /* Network */ = {
			isa = PBXGroup;
			children = (
				6F8738752350C527006E3934 /* FourSquareAPI.swift */,
				6F8738762350C527006E3934 /* SearchParameter.swift */,
				6F8738772350C527006E3934 /* NetworkConnector.swift */,
				6F8738782350C527006E3934 /* HTTPMethod.swift */,
				6F8738792350C527006E3934 /* Request.swift */,
			);
			path = Network;
			sourceTree = "<group>";
		};
		6F87387A2350C527006E3934 /* View */ = {
			isa = PBXGroup;
			children = (
				6F87389D2350EC21006E3934 /* AnnotationView.swift */,
				6F87387B2350C527006E3934 /* Main.storyboard */,
				6F87387D2350C527006E3934 /* Cell */,
			);
			path = View;
			sourceTree = "<group>";
		};
		6F87387D2350C527006E3934 /* Cell */ = {
			isa = PBXGroup;
			children = (
				6F87387E2350C527006E3934 /* VenueListCell.swift */,
			);
			path = Cell;
			sourceTree = "<group>";
		};
		6F87387F2350C527006E3934 /* ViewModel */ = {
			isa = PBXGroup;
			children = (
				6F8738802350C527006E3934 /* VenueDetailViewModel.swift */,
				6F8738812350C527006E3934 /* VenueListViewModel.swift */,
			);
			path = ViewModel;
			sourceTree = "<group>";
		};
		A995AB509EAADE7B42CCA726 /* Frameworks */ = {
			isa = PBXGroup;
			children = (
				E20EEDD58303A1B2224547E5 /* Pods_RestaurantApp.framework */,
			);
			name = Frameworks;
			sourceTree = "<group>";
		};
/* End PBXGroup section */

/* Begin PBXNativeTarget section */
		6F8738482350C50B006E3934 /* RestaurantApp */ = {
			isa = PBXNativeTarget;
			buildConfigurationList = 6F87385D2350C50C006E3934 /* Build configuration list for PBXNativeTarget "RestaurantApp" */;
			buildPhases = (
				A5D7E2BACE8724A81CE27710 /* [CP] Check Pods Manifest.lock */,
				6F8738452350C50B006E3934 /* Sources */,
				6F8738462350C50B006E3934 /* Frameworks */,
				6F8738472350C50B006E3934 /* Resources */,
				748A541CA35B143C8EC7A6DC /* [CP] Embed Pods Frameworks */,
			);
			buildRules = (
			);
			dependencies = (
			);
			name = RestaurantApp;
			productName = RestaurantApp;
			productReference = 6F8738492350C50B006E3934 /* RestaurantApp.app */;
			productType = "com.apple.product-type.application";
		};
/* End PBXNativeTarget section */

/* Begin PBXProject section */
		6F8738412350C50B006E3934 /* Project object */ = {
			isa = PBXProject;
			attributes = {
				LastSwiftUpdateCheck = 1110;
				LastUpgradeCheck = 1110;
				ORGANIZATIONNAME = system;
				TargetAttributes = {
					6F8738482350C50B006E3934 = {
						CreatedOnToolsVersion = 11.1;
					};
				};
			};
			buildConfigurationList = 6F8738442350C50B006E3934 /* Build configuration list for PBXProject "RestaurantApp" */;
			compatibilityVersion = "Xcode 9.3";
			developmentRegion = en;
			hasScannedForEncodings = 0;
			knownRegions = (
				en,
				Base,
			);
			mainGroup = 6F8738402350C50B006E3934;
			productRefGroup = 6F87384A2350C50B006E3934 /* Products */;
			projectDirPath = "";
			projectRoot = "";
			targets = (
				6F8738482350C50B006E3934 /* RestaurantApp */,
			);
		};
/* End PBXProject section */

/* Begin PBXResourcesBuildPhase section */
		6F8738472350C50B006E3934 /* Resources */ = {
			isa = PBXResourcesBuildPhase;
			buildActionMask = 2147483647;
			files = (
				6F8738592350C50C006E3934 /* LaunchScreen.storyboard in Resources */,
				6F8738562350C50C006E3934 /* Assets.xcassets in Resources */,
				6F8738982350C527006E3934 /* Main.storyboard in Resources */,
			);
			runOnlyForDeploymentPostprocessing = 0;
		};
/* End PBXResourcesBuildPhase section */

/* Begin PBXShellScriptBuildPhase section */
		748A541CA35B143C8EC7A6DC /* [CP] Embed Pods Frameworks */ = {
			isa = PBXShellScriptBuildPhase;
			buildActionMask = 2147483647;
			files = (
			);
			inputFileListPaths = (
			);
			inputPaths = (
				"${PODS_ROOT}/Target Support Files/Pods-RestaurantApp/Pods-RestaurantApp-frameworks.sh",
				"${BUILT_PRODUCTS_DIR}/JGProgressHUD/JGProgressHUD.framework",
				"${BUILT_PRODUCTS_DIR}/ReachabilitySwift/Reachability.framework",
			);
			name = "[CP] Embed Pods Frameworks";
			outputFileListPaths = (
			);
			outputPaths = (
				"${TARGET_BUILD_DIR}/${FRAMEWORKS_FOLDER_PATH}/JGProgressHUD.framework",
				"${TARGET_BUILD_DIR}/${FRAMEWORKS_FOLDER_PATH}/Reachability.framework",
			);
			runOnlyForDeploymentPostprocessing = 0;
			shellPath = /bin/sh;
			shellScript = "\"${PODS_ROOT}/Target Support Files/Pods-RestaurantApp/Pods-RestaurantApp-frameworks.sh\"\n";
			showEnvVarsInLog = 0;
		};
		A5D7E2BACE8724A81CE27710 /* [CP] Check Pods Manifest.lock */ = {
			isa = PBXShellScriptBuildPhase;
			buildActionMask = 2147483647;
			files = (
			);
			inputFileListPaths = (
			);
			inputPaths = (
				"${PODS_PODFILE_DIR_PATH}/Podfile.lock",
				"${PODS_ROOT}/Manifest.lock",
			);
			name = "[CP] Check Pods Manifest.lock";
			outputFileListPaths = (
			);
			outputPaths = (
				"$(DERIVED_FILE_DIR)/Pods-RestaurantApp-checkManifestLockResult.txt",
			);
			runOnlyForDeploymentPostprocessing = 0;
			shellPath = /bin/sh;
			shellScript = "diff \"${PODS_PODFILE_DIR_PATH}/Podfile.lock\" \"${PODS_ROOT}/Manifest.lock\" > /dev/null\nif [ $? != 0 ] ; then\n    # print error to STDERR\n    echo \"error: The sandbox is not in sync with the Podfile.lock. Run 'pod install' or update your CocoaPods installation.\" >&2\n    exit 1\nfi\n# This output is used by Xcode 'outputs' to avoid re-running this script phase.\necho \"SUCCESS\" > \"${SCRIPT_OUTPUT_FILE_0}\"\n";
			showEnvVarsInLog = 0;
		};
/* End PBXShellScriptBuildPhase section */

/* Begin PBXSourcesBuildPhase section */
		6F8738452350C50B006E3934 /* Sources */ = {
			isa = PBXSourcesBuildPhase;
			buildActionMask = 2147483647;
			files = (
				6F8738912350C527006E3934 /* Stats.swift in Sources */,
				6F8738932350C527006E3934 /* FourSquareAPI.swift in Sources */,
				6F8738952350C527006E3934 /* NetworkConnector.swift in Sources */,
				6F8738922350C527006E3934 /* ViewControllerExtension.swift in Sources */,
				6F87388B2350C527006E3934 /* Location.swift in Sources */,
				6F87388A2350C527006E3934 /* VenueDetailViewController.swift in Sources */,
				6F8738862350C527006E3934 /* GenericCell.swift in Sources */,
				6F87389B2350C527006E3934 /* VenueListViewModel.swift in Sources */,
				6F8738972350C527006E3934 /* Request.swift in Sources */,
				6F8738942350C527006E3934 /* SearchParameter.swift in Sources */,
				6F8738842350C527006E3934 /* DataController.swift in Sources */,
				6F87388C2350C527006E3934 /* Categories.swift in Sources */,
				6F87388E2350C527006E3934 /* Response.swift in Sources */,
				6F87389A2350C527006E3934 /* VenueDetailViewModel.swift in Sources */,
				6F8738A22350F82C006E3934 /* Coordinate.swift in Sources */,
				6F8738992350C527006E3934 /* VenueListCell.swift in Sources */,
				6F8738852350C527006E3934 /* DataAdapter.swift in Sources */,
				6F8738962350C527006E3934 /* HTTPMethod.swift in Sources */,
				6F87389E2350EC22006E3934 /* AnnotationView.swift in Sources */,
				6F87388F2350C527006E3934 /* BaseModel.swift in Sources */,
				6F87384D2350C50B006E3934 /* AppDelegate.swift in Sources */,
				6F8738872350C527006E3934 /* EndPoint.swift in Sources */,
				6F87388D2350C527006E3934 /* Meta.swift in Sources */,
				6F8738902350C527006E3934 /* Venues.swift in Sources */,
				6F8738882350C527006E3934 /* VenueListViewController.swift in Sources */,
				6F87384F2350C50B006E3934 /* SceneDelegate.swift in Sources */,
			);
			runOnlyForDeploymentPostprocessing = 0;
		};
/* End PBXSourcesBuildPhase section */

/* Begin PBXVariantGroup section */
		6F8738572350C50C006E3934 /* LaunchScreen.storyboard */ = {
			isa = PBXVariantGroup;
			children = (
				6F8738582350C50C006E3934 /* Base */,
			);
			name = LaunchScreen.storyboard;
			sourceTree = "<group>";
		};
		6F87387B2350C527006E3934 /* Main.storyboard */ = {
			isa = PBXVariantGroup;
			children = (
				6F87387C2350C527006E3934 /* Base */,
			);
			name = Main.storyboard;
			sourceTree = "<group>";
		};
/* End PBXVariantGroup section */

/* Begin XCBuildConfiguration section */
		6F87385B2350C50C006E3934 /* Debug */ = {
			isa = XCBuildConfiguration;
			buildSettings = {
				ALWAYS_SEARCH_USER_PATHS = NO;
				CLANG_ANALYZER_NONNULL = YES;
				CLANG_ANALYZER_NUMBER_OBJECT_CONVERSION = YES_AGGRESSIVE;
				CLANG_CXX_LANGUAGE_STANDARD = "gnu++14";
				CLANG_CXX_LIBRARY = "libc++";
				CLANG_ENABLE_MODULES = YES;
				CLANG_ENABLE_OBJC_ARC = YES;
				CLANG_ENABLE_OBJC_WEAK = YES;
				CLANG_WARN_BLOCK_CAPTURE_AUTORELEASING = YES;
				CLANG_WARN_BOOL_CONVERSION = YES;
				CLANG_WARN_COMMA = YES;
				CLANG_WARN_CONSTANT_CONVERSION = YES;
				CLANG_WARN_DEPRECATED_OBJC_IMPLEMENTATIONS = YES;
				CLANG_WARN_DIRECT_OBJC_ISA_USAGE = YES_ERROR;
				CLANG_WARN_DOCUMENTATION_COMMENTS = YES;
				CLANG_WARN_EMPTY_BODY = YES;
				CLANG_WARN_ENUM_CONVERSION = YES;
				CLANG_WARN_INFINITE_RECURSION = YES;
				CLANG_WARN_INT_CONVERSION = YES;
				CLANG_WARN_NON_LITERAL_NULL_CONVERSION = YES;
				CLANG_WARN_OBJC_IMPLICIT_RETAIN_SELF = YES;
				CLANG_WARN_OBJC_LITERAL_CONVERSION = YES;
				CLANG_WARN_OBJC_ROOT_CLASS = YES_ERROR;
				CLANG_WARN_RANGE_LOOP_ANALYSIS = YES;
				CLANG_WARN_STRICT_PROTOTYPES = YES;
				CLANG_WARN_SUSPICIOUS_MOVE = YES;
				CLANG_WARN_UNGUARDED_AVAILABILITY = YES_AGGRESSIVE;
				CLANG_WARN_UNREACHABLE_CODE = YES;
				CLANG_WARN__DUPLICATE_METHOD_MATCH = YES;
				COPY_PHASE_STRIP = NO;
				DEBUG_INFORMATION_FORMAT = dwarf;
				ENABLE_STRICT_OBJC_MSGSEND = YES;
				ENABLE_TESTABILITY = YES;
				GCC_C_LANGUAGE_STANDARD = gnu11;
				GCC_DYNAMIC_NO_PIC = NO;
				GCC_NO_COMMON_BLOCKS = YES;
				GCC_OPTIMIZATION_LEVEL = 0;
				GCC_PREPROCESSOR_DEFINITIONS = (
					"DEBUG=1",
					"$(inherited)",
				);
				GCC_WARN_64_TO_32_BIT_CONVERSION = YES;
				GCC_WARN_ABOUT_RETURN_TYPE = YES_ERROR;
				GCC_WARN_UNDECLARED_SELECTOR = YES;
				GCC_WARN_UNINITIALIZED_AUTOS = YES_AGGRESSIVE;
				GCC_WARN_UNUSED_FUNCTION = YES;
				GCC_WARN_UNUSED_VARIABLE = YES;
				IPHONEOS_DEPLOYMENT_TARGET = 13.1;
				MTL_ENABLE_DEBUG_INFO = INCLUDE_SOURCE;
				MTL_FAST_MATH = YES;
				ONLY_ACTIVE_ARCH = YES;
				SDKROOT = iphoneos;
				SWIFT_ACTIVE_COMPILATION_CONDITIONS = DEBUG;
				SWIFT_OPTIMIZATION_LEVEL = "-Onone";
			};
			name = Debug;
		};
		6F87385C2350C50C006E3934 /* Release */ = {
			isa = XCBuildConfiguration;
			buildSettings = {
				ALWAYS_SEARCH_USER_PATHS = NO;
				CLANG_ANALYZER_NONNULL = YES;
				CLANG_ANALYZER_NUMBER_OBJECT_CONVERSION = YES_AGGRESSIVE;
				CLANG_CXX_LANGUAGE_STANDARD = "gnu++14";
				CLANG_CXX_LIBRARY = "libc++";
				CLANG_ENABLE_MODULES = YES;
				CLANG_ENABLE_OBJC_ARC = YES;
				CLANG_ENABLE_OBJC_WEAK = YES;
				CLANG_WARN_BLOCK_CAPTURE_AUTORELEASING = YES;
				CLANG_WARN_BOOL_CONVERSION = YES;
				CLANG_WARN_COMMA = YES;
				CLANG_WARN_CONSTANT_CONVERSION = YES;
				CLANG_WARN_DEPRECATED_OBJC_IMPLEMENTATIONS = YES;
				CLANG_WARN_DIRECT_OBJC_ISA_USAGE = YES_ERROR;
				CLANG_WARN_DOCUMENTATION_COMMENTS = YES;
				CLANG_WARN_EMPTY_BODY = YES;
				CLANG_WARN_ENUM_CONVERSION = YES;
				CLANG_WARN_INFINITE_RECURSION = YES;
				CLANG_WARN_INT_CONVERSION = YES;
				CLANG_WARN_NON_LITERAL_NULL_CONVERSION = YES;
				CLANG_WARN_OBJC_IMPLICIT_RETAIN_SELF = YES;
				CLANG_WARN_OBJC_LITERAL_CONVERSION = YES;
				CLANG_WARN_OBJC_ROOT_CLASS = YES_ERROR;
				CLANG_WARN_RANGE_LOOP_ANALYSIS = YES;
				CLANG_WARN_STRICT_PROTOTYPES = YES;
				CLANG_WARN_SUSPICIOUS_MOVE = YES;
				CLANG_WARN_UNGUARDED_AVAILABILITY = YES_AGGRESSIVE;
				CLANG_WARN_UNREACHABLE_CODE = YES;
				CLANG_WARN__DUPLICATE_METHOD_MATCH = YES;
				COPY_PHASE_STRIP = NO;
				DEBUG_INFORMATION_FORMAT = "dwarf-with-dsym";
				ENABLE_NS_ASSERTIONS = NO;
				ENABLE_STRICT_OBJC_MSGSEND = YES;
				GCC_C_LANGUAGE_STANDARD = gnu11;
				GCC_NO_COMMON_BLOCKS = YES;
				GCC_WARN_64_TO_32_BIT_CONVERSION = YES;
				GCC_WARN_ABOUT_RETURN_TYPE = YES_ERROR;
				GCC_WARN_UNDECLARED_SELECTOR = YES;
				GCC_WARN_UNINITIALIZED_AUTOS = YES_AGGRESSIVE;
				GCC_WARN_UNUSED_FUNCTION = YES;
				GCC_WARN_UNUSED_VARIABLE = YES;
				IPHONEOS_DEPLOYMENT_TARGET = 13.1;
				MTL_ENABLE_DEBUG_INFO = NO;
				MTL_FAST_MATH = YES;
				SDKROOT = iphoneos;
				SWIFT_COMPILATION_MODE = wholemodule;
				SWIFT_OPTIMIZATION_LEVEL = "-O";
				VALIDATE_PRODUCT = YES;
			};
			name = Release;
		};
		6F87385E2350C50C006E3934 /* Debug */ = {
			isa = XCBuildConfiguration;
			baseConfigurationReference = 4AB54D0DB4586E67D5DAB79E /* Pods-RestaurantApp.debug.xcconfig */;
			buildSettings = {
				ASSETCATALOG_COMPILER_APPICON_NAME = AppIcon;
				CODE_SIGN_STYLE = Automatic;
				DEVELOPMENT_TEAM = 6Z8GN8WKY7;
				INFOPLIST_FILE = RestaurantApp/Info.plist;
				LD_RUNPATH_SEARCH_PATHS = (
					"$(inherited)",
					"@executable_path/Frameworks",
				);
				PRODUCT_BUNDLE_IDENTIFIER = com.sample.RestaurantApp;
				PRODUCT_NAME = "$(TARGET_NAME)";
				SWIFT_VERSION = 5.0;
				TARGETED_DEVICE_FAMILY = "1,2";
			};
			name = Debug;
		};
		6F87385F2350C50C006E3934 /* Release */ = {
			isa = XCBuildConfiguration;
			baseConfigurationReference = 7EF167303B90780A207208D7 /* Pods-RestaurantApp.release.xcconfig */;
			buildSettings = {
				ASSETCATALOG_COMPILER_APPICON_NAME = AppIcon;
				CODE_SIGN_STYLE = Automatic;
				DEVELOPMENT_TEAM = 6Z8GN8WKY7;
				INFOPLIST_FILE = RestaurantApp/Info.plist;
				LD_RUNPATH_SEARCH_PATHS = (
					"$(inherited)",
					"@executable_path/Frameworks",
				);
				PRODUCT_BUNDLE_IDENTIFIER = com.sample.RestaurantApp;
				PRODUCT_NAME = "$(TARGET_NAME)";
				SWIFT_VERSION = 5.0;
				TARGETED_DEVICE_FAMILY = "1,2";
			};
			name = Release;
		};
/* End XCBuildConfiguration section */

/* Begin XCConfigurationList section */
		6F8738442350C50B006E3934 /* Build configuration list for PBXProject "RestaurantApp" */ = {
			isa = XCConfigurationList;
			buildConfigurations = (
				6F87385B2350C50C006E3934 /* Debug */,
				6F87385C2350C50C006E3934 /* Release */,
			);
			defaultConfigurationIsVisible = 0;
			defaultConfigurationName = Release;
		};
		6F87385D2350C50C006E3934 /* Build configuration list for PBXNativeTarget "RestaurantApp" */ = {
			isa = XCConfigurationList;
			buildConfigurations = (
				6F87385E2350C50C006E3934 /* Debug */,
				6F87385F2350C50C006E3934 /* Release */,
			);
			defaultConfigurationIsVisible = 0;
			defaultConfigurationName = Release;
		};
/* End XCConfigurationList section */
	};
	rootObject = 6F8738412350C50B006E3934 /* Project object */;
}
